github.com/walkerdu/wecom-backend v0.0.0-20230531065729-e60c1e32174b h1:ugmcNjSAeJSs9AMkNyvJOJHmCdXoz82UVpI1XGcJY4Q=
github.com/walkerdu/wecom-backend v0.0.0-20230531065729-e60c1e32174b/go.mod h1:Xuj9OMEzsQH9H4loamewk3y/gDTtzvkBB+kw93EvOgw=
github.com/walkerdu/wecom-backend v0.0.0-20230531075511-3429b67f5865 h1:yBDdZKSRJlViiGd+52OEWs/BebkPkO6WdyGILtA6nz4=
github.com/walkerdu/wecom-backend v0.0.0-20230531075511-3429b67f5865/go.mod h1:Xuj9OMEzsQH9H4loamewk3y/gDTtzvkBB+kw93EvOgw=
github.com/walkerdu/wecom-backend v0.0.0-20230531080957-704ac63a5b9b h1:pkzTJoe7uJmcGr3Cq2jueAJDc3gRa0AbWra2jOF5fw0=
github.com/walkerdu/wecom-backend v0.0.0-20230531080957-704ac63a5b9b/go.mod h1:Xuj9OMEzsQH9H4loamewk3y/gDTtzvkBB+kw93EvOgw=
github.com/walkerdu/wecom-backend v0.0.0-20230603101717-59a469be11b7 h1:IM2uZknaS7g+TLxDjqXcrAWpIVQMvuNhpFZ/zu9MWVg=
github.com/walkerdu/wecom-backend v0.0.0-20230603101717-59a469be11b7/go.mod h1:Xuj9OMEzsQH9H4loamewk3y/gDTtzvkBB+kw93EvOgw=
github.com/walkerdu/wecom-backend v0.0.0-20240222075153-ab21bc23150e h1:u4Qb9egmfJgbJQpfTWz38MTbOG35oERQ+KPo0CsxZtE=
github.com/walkerdu/wecom-backend v0.0.0-20240222075153-ab21bc23150e/go.mod h1:Xuj9OMEzsQH9H4loamewk3y/gDTtzvkBB+kw93EvOgw=
